// !$*UTF8*$!
{
	archiveVersion = 1;
	classes = {
	};
	objectVersion = 50;
	objects = {

/* Begin PBXBuildFile section */
		18521E6D2437328A004BE61A /* AppDelegate.m in Sources */ = {isa = PBXBuildFile; fileRef = 18521E6C2437328A004BE61A /* AppDelegate.m */; };
		18521E732437328B004BE61A /* MainView.m in Sources */ = {isa = PBXBuildFile; fileRef = 18521E722437328B004BE61A /* MainView.m */; };
		18521E7824373291004BE61A /* Assets.xcassets in Resources */ = {isa = PBXBuildFile; fileRef = 18521E7724373291004BE61A /* Assets.xcassets */; };
		18521E7B24373291004BE61A /* LaunchScreen.storyboard in Resources */ = {isa = PBXBuildFile; fileRef = 18521E7924373291004BE61A /* LaunchScreen.storyboard */; };
		18521E7E24373291004BE61A /* main.m in Sources */ = {isa = PBXBuildFile; fileRef = 18521E7D24373291004BE61A /* main.m */; };
		1863FFC2243A885F005EF92E /* Cell.m in Sources */ = {isa = PBXBuildFile; fileRef = 188E0228243A74440003F727 /* Cell.m */; };
		18706A1E244205A000BE6C15 /* Collection.m in Sources */ = {isa = PBXBuildFile; fileRef = 18706A1D244205A000BE6C15 /* Collection.m */; };
		1895F359244856C20009CCC8 /* SectionHeader.m in Sources */ = {isa = PBXBuildFile; fileRef = 1895F358244856C20009CCC8 /* SectionHeader.m */; };
		1895F36124487E2E0009CCC8 /* Category.m in Sources */ = {isa = PBXBuildFile; fileRef = 1895F36024487E2E0009CCC8 /* Category.m */; };
/* End PBXBuildFile section */

/* Begin PBXFileReference section */
		18521E682437328A004BE61A /* some.app */ = {isa = PBXFileReference; explicitFileType = wrapper.application; includeInIndex = 0; path = some.app; sourceTree = BUILT_PRODUCTS_DIR; };
		18521E6B2437328A004BE61A /* AppDelegate.h */ = {isa = PBXFileReference; lastKnownFileType = sourcecode.c.h; path = AppDelegate.h; sourceTree = "<group>"; };
		18521E6C2437328A004BE61A /* AppDelegate.m */ = {isa = PBXFileReference; lastKnownFileType = sourcecode.c.objc; path = AppDelegate.m; sourceTree = "<group>"; };
		18521E712437328B004BE61A /* MainView.h */ = {isa = PBXFileReference; lastKnownFileType = sourcecode.c.h; path = MainView.h; sourceTree = "<group>"; };
		18521E722437328B004BE61A /* MainView.m */ = {isa = PBXFileReference; lastKnownFileType = sourcecode.c.objc; path = MainView.m; sourceTree = "<group>"; };
		18521E7724373291004BE61A /* Assets.xcassets */ = {isa = PBXFileReference; lastKnownFileType = folder.assetcatalog; path = Assets.xcassets; sourceTree = "<group>"; };
		18521E7A24373291004BE61A /* Base */ = {isa = PBXFileReference; lastKnownFileType = file.storyboard; name = Base; path = Base.lproj/LaunchScreen.storyboard; sourceTree = "<group>"; };
		18521E7C24373291004BE61A /* Info.plist */ = {isa = PBXFileReference; lastKnownFileType = text.plist.xml; path = Info.plist; sourceTree = "<group>"; };
		18521E7D24373291004BE61A /* main.m */ = {isa = PBXFileReference; lastKnownFileType = sourcecode.c.objc; path = main.m; sourceTree = "<group>"; };
		18706A1D244205A000BE6C15 /* Collection.m */ = {isa = PBXFileReference; lastKnownFileType = sourcecode.c.objc; path = Collection.m; sourceTree = "<group>"; };
		18706A1F244205D700BE6C15 /* Collection.h */ = {isa = PBXFileReference; lastKnownFileType = sourcecode.c.h; path = Collection.h; sourceTree = "<group>"; };
		188E0227243A742D0003F727 /* Cell.h */ = {isa = PBXFileReference; lastKnownFileType = sourcecode.c.h; path = Cell.h; sourceTree = "<group>"; };
		188E0228243A74440003F727 /* Cell.m */ = {isa = PBXFileReference; lastKnownFileType = sourcecode.c.objc; path = Cell.m; sourceTree = "<group>"; };
		1895F358244856C20009CCC8 /* SectionHeader.m */ = {isa = PBXFileReference; lastKnownFileType = sourcecode.c.objc; path = SectionHeader.m; sourceTree = "<group>"; };
		1895F35A24486D430009CCC8 /* SectionHeader.h */ = {isa = PBXFileReference; lastKnownFileType = sourcecode.c.h; path = SectionHeader.h; sourceTree = "<group>"; };
		1895F35F24487E1F0009CCC8 /* Category.h */ = {isa = PBXFileReference; lastKnownFileType = sourcecode.c.h; path = Category.h; sourceTree = "<group>"; };
		1895F36024487E2E0009CCC8 /* Category.m */ = {isa = PBXFileReference; lastKnownFileType = sourcecode.c.objc; path = Category.m; sourceTree = "<group>"; };
/* End PBXFileReference section */

/* Begin PBXFrameworksBuildPhase section */
		18521E652437328A004BE61A /* Frameworks */ = {
			isa = PBXFrameworksBuildPhase;
			buildActionMask = 2147483647;
			files = (
			);
			runOnlyForDeploymentPostprocessing = 0;
		};
/* End PBXFrameworksBuildPhase section */

/* Begin PBXGroup section */
		18521E5F2437328A004BE61A = {
			isa = PBXGroup;
			children = (
				18521E6A2437328A004BE61A /* some */,
				18521E692437328A004BE61A /* Products */,
			);
			sourceTree = "<group>";
		};
		18521E692437328A004BE61A /* Products */ = {
			isa = PBXGroup;
			children = (
				18521E682437328A004BE61A /* some.app */,
			);
			name = Products;
			sourceTree = "<group>";
		};
		18521E6A2437328A004BE61A /* some */ = {
			isa = PBXGroup;
			children = (
				1895F35B2448785D0009CCC8 /* Model */,
				18521E86243735EE004BE61A /* View */,
				18521E85243735C2004BE61A /* storyboards */,
				18521E84243735A6004BE61A /* app */,
			);
			path = some;
			sourceTree = "<group>";
		};
		18521E84243735A6004BE61A /* app */ = {
			isa = PBXGroup;
			children = (
				18521E7D24373291004BE61A /* main.m */,
				18521E6B2437328A004BE61A /* AppDelegate.h */,
				18521E6C2437328A004BE61A /* AppDelegate.m */,
				18521E7C24373291004BE61A /* Info.plist */,
				18521E7724373291004BE61A /* Assets.xcassets */,
			);
			path = app;
			sourceTree = "<group>";
		};
		18521E85243735C2004BE61A /* storyboards */ = {
			isa = PBXGroup;
			children = (
				18521E7924373291004BE61A /* LaunchScreen.storyboard */,
			);
			path = storyboards;
			sourceTree = "<group>";
		};
		18521E86243735EE004BE61A /* View */ = {
			isa = PBXGroup;
			children = (
				1863FFBF243A8791005EF92E /* Main */,
			);
			path = View;
			sourceTree = "<group>";
		};
		1863FFBF243A8791005EF92E /* Main */ = {
			isa = PBXGroup;
			children = (
				188E0226243A74100003F727 /* Collection */,
				18521E712437328B004BE61A /* MainView.h */,
				18521E722437328B004BE61A /* MainView.m */,
			);
			path = Main;
			sourceTree = "<group>";
		};
		188E0226243A74100003F727 /* Collection */ = {
			isa = PBXGroup;
			children = (
				18706A1F244205D700BE6C15 /* Collection.h */,
				18706A1D244205A000BE6C15 /* Collection.m */,
				188E0227243A742D0003F727 /* Cell.h */,
				188E0228243A74440003F727 /* Cell.m */,
				1895F35A24486D430009CCC8 /* SectionHeader.h */,
				1895F358244856C20009CCC8 /* SectionHeader.m */,
			);
			path = Collection;
			sourceTree = "<group>";
		};
		1895F35B2448785D0009CCC8 /* Model */ = {
			isa = PBXGroup;
			children = (
				1895F35F24487E1F0009CCC8 /* Category.h */,
				1895F36024487E2E0009CCC8 /* Category.m */,
			);
			path = Model;
			sourceTree = "<group>";
		};
/* End PBXGroup section */

/* Begin PBXNativeTarget section */
		18521E672437328A004BE61A /* some */ = {
			isa = PBXNativeTarget;
			buildConfigurationList = 18521E8124373291004BE61A /* Build configuration list for PBXNativeTarget "some" */;
			buildPhases = (
				18521E642437328A004BE61A /* Sources */,
				18521E652437328A004BE61A /* Frameworks */,
				18521E662437328A004BE61A /* Resources */,
			);
			buildRules = (
			);
			dependencies = (
			);
			name = some;
			productName = some;
			productReference = 18521E682437328A004BE61A /* some.app */;
			productType = "com.apple.product-type.application";
		};
/* End PBXNativeTarget section */

/* Begin PBXProject section */
		18521E602437328A004BE61A /* Project object */ = {
			isa = PBXProject;
			attributes = {
				LastUpgradeCheck = 1140;
				ORGANIZATIONNAME = a.kurganova;
				TargetAttributes = {
					18521E672437328A004BE61A = {
						CreatedOnToolsVersion = 11.4;
					};
				};
			};
			buildConfigurationList = 18521E632437328A004BE61A /* Build configuration list for PBXProject "some" */;
			compatibilityVersion = "Xcode 9.3";
			developmentRegion = en;
			hasScannedForEncodings = 0;
			knownRegions = (
				en,
				Base,
			);
			mainGroup = 18521E5F2437328A004BE61A;
			productRefGroup = 18521E692437328A004BE61A /* Products */;
			projectDirPath = "";
			projectRoot = "";
			targets = (
				18521E672437328A004BE61A /* some */,
			);
		};
/* End PBXProject section */

/* Begin PBXResourcesBuildPhase section */
		18521E662437328A004BE61A /* Resources */ = {
			isa = PBXResourcesBuildPhase;
			buildActionMask = 2147483647;
			files = (
				18521E7B24373291004BE61A /* LaunchScreen.storyboard in Resources */,
				18521E7824373291004BE61A /* Assets.xcassets in Resources */,
			);
			runOnlyForDeploymentPostprocessing = 0;
		};
/* End PBXResourcesBuildPhase section */

/* Begin PBXSourcesBuildPhase section */
		18521E642437328A004BE61A /* Sources */ = {
			isa = PBXSourcesBuildPhase;
			buildActionMask = 2147483647;
			files = (
				1895F36124487E2E0009CCC8 /* Category.m in Sources */,
				1863FFC2243A885F005EF92E /* Cell.m in Sources */,
				18706A1E244205A000BE6C15 /* Collection.m in Sources */,
				18521E732437328B004BE61A /* MainView.m in Sources */,
				18521E6D2437328A004BE61A /* AppDelegate.m in Sources */,
				1895F359244856C20009CCC8 /* SectionHeader.m in Sources */,
				18521E7E24373291004BE61A /* main.m in Sources */,
			);
			runOnlyForDeploymentPostprocessing = 0;
		};
/* End PBXSourcesBuildPhase section */

/* Begin PBXVariantGroup section */
		18521E7924373291004BE61A /* LaunchScreen.storyboard */ = {
			isa = PBXVariantGroup;
			children = (
				18521E7A24373291004BE61A /* Base */,
			);
			name = LaunchScreen.storyboard;
			sourceTree = "<group>";
		};
/* End PBXVariantGroup section */

/* Begin XCBuildConfiguration section */
		18521E7F24373291004BE61A /* Debug */ = {
			isa = XCBuildConfiguration;
			buildSettings = {
				ALWAYS_SEARCH_USER_PATHS = NO;
				CLANG_ANALYZER_NONNULL = YES;
				CLANG_ANALYZER_NUMBER_OBJECT_CONVERSION = YES_AGGRESSIVE;
				CLANG_CXX_LANGUAGE_STANDARD = "gnu++14";
				CLANG_CXX_LIBRARY = "libc++";
				CLANG_ENABLE_MODULES = YES;
				CLANG_ENABLE_OBJC_ARC = YES;
				CLANG_ENABLE_OBJC_WEAK = YES;
				CLANG_WARN_BLOCK_CAPTURE_AUTORELEASING = YES;
				CLANG_WARN_BOOL_CONVERSION = YES;
				CLANG_WARN_COMMA = YES;
				CLANG_WARN_CONSTANT_CONVERSION = YES;
				CLANG_WARN_DEPRECATED_OBJC_IMPLEMENTATIONS = YES;
				CLANG_WARN_DIRECT_OBJC_ISA_USAGE = YES_ERROR;
				CLANG_WARN_DOCUMENTATION_COMMENTS = YES;
				CLANG_WARN_EMPTY_BODY = YES;
				CLANG_WARN_ENUM_CONVERSION = YES;
				CLANG_WARN_INFINITE_RECURSION = YES;
				CLANG_WARN_INT_CONVERSION = YES;
				CLANG_WARN_NON_LITERAL_NULL_CONVERSION = YES;
				CLANG_WARN_OBJC_IMPLICIT_RETAIN_SELF = YES;
				CLANG_WARN_OBJC_LITERAL_CONVERSION = YES;
				CLANG_WARN_OBJC_ROOT_CLASS = YES_ERROR;
				CLANG_WARN_RANGE_LOOP_ANALYSIS = YES;
				CLANG_WARN_STRICT_PROTOTYPES = YES;
				CLANG_WARN_SUSPICIOUS_MOVE = YES;
				CLANG_WARN_UNGUARDED_AVAILABILITY = YES_AGGRESSIVE;
				CLANG_WARN_UNREACHABLE_CODE = YES;
				CLANG_WARN__DUPLICATE_METHOD_MATCH = YES;
				COPY_PHASE_STRIP = NO;
				DEBUG_INFORMATION_FORMAT = dwarf;
				ENABLE_STRICT_OBJC_MSGSEND = YES;
				ENABLE_TESTABILITY = YES;
				GCC_C_LANGUAGE_STANDARD = gnu11;
				GCC_DYNAMIC_NO_PIC = NO;
				GCC_NO_COMMON_BLOCKS = YES;
				GCC_OPTIMIZATION_LEVEL = 0;
				GCC_PREPROCESSOR_DEFINITIONS = (
					"DEBUG=1",
					"$(inherited)",
				);
				GCC_WARN_64_TO_32_BIT_CONVERSION = YES;
				GCC_WARN_ABOUT_RETURN_TYPE = YES_ERROR;
				GCC_WARN_UNDECLARED_SELECTOR = YES;
				GCC_WARN_UNINITIALIZED_AUTOS = YES_AGGRESSIVE;
				GCC_WARN_UNUSED_FUNCTION = YES;
				GCC_WARN_UNUSED_VARIABLE = YES;
				IPHONEOS_DEPLOYMENT_TARGET = 12.4;
				MTL_ENABLE_DEBUG_INFO = INCLUDE_SOURCE;
				MTL_FAST_MATH = YES;
				ONLY_ACTIVE_ARCH = YES;
				SDKROOT = iphoneos;
			};
			name = Debug;
		};
		18521E8024373291004BE61A /* Release */ = {
			isa = XCBuildConfiguration;
			buildSettings = {
				ALWAYS_SEARCH_USER_PATHS = NO;
				CLANG_ANALYZER_NONNULL = YES;
				CLANG_ANALYZER_NUMBER_OBJECT_CONVERSION = YES_AGGRESSIVE;
				CLANG_CXX_LANGUAGE_STANDARD = "gnu++14";
				CLANG_CXX_LIBRARY = "libc++";
				CLANG_ENABLE_MODULES = YES;
				CLANG_ENABLE_OBJC_ARC = YES;
				CLANG_ENABLE_OBJC_WEAK = YES;
				CLANG_WARN_BLOCK_CAPTURE_AUTORELEASING = YES;
				CLANG_WARN_BOOL_CONVERSION = YES;
				CLANG_WARN_COMMA = YES;
				CLANG_WARN_CONSTANT_CONVERSION = YES;
				CLANG_WARN_DEPRECATED_OBJC_IMPLEMENTATIONS = YES;
				CLANG_WARN_DIRECT_OBJC_ISA_USAGE = YES_ERROR;
				CLANG_WARN_DOCUMENTATION_COMMENTS = YES;
				CLANG_WARN_EMPTY_BODY = YES;
				CLANG_WARN_ENUM_CONVERSION = YES;
				CLANG_WARN_INFINITE_RECURSION = YES;
				CLANG_WARN_INT_CONVERSION = YES;
				CLANG_WARN_NON_LITERAL_NULL_CONVERSION = YES;
				CLANG_WARN_OBJC_IMPLICIT_RETAIN_SELF = YES;
				CLANG_WARN_OBJC_LITERAL_CONVERSION = YES;
				CLANG_WARN_OBJC_ROOT_CLASS = YES_ERROR;
				CLANG_WARN_RANGE_LOOP_ANALYSIS = YES;
				CLANG_WARN_STRICT_PROTOTYPES = YES;
				CLANG_WARN_SUSPICIOUS_MOVE = YES;
				CLANG_WARN_UNGUARDED_AVAILABILITY = YES_AGGRESSIVE;
				CLANG_WARN_UNREACHABLE_CODE = YES;
				CLANG_WARN__DUPLICATE_METHOD_MATCH = YES;
				COPY_PHASE_STRIP = NO;
				DEBUG_INFORMATION_FORMAT = "dwarf-with-dsym";
				ENABLE_NS_ASSERTIONS = NO;
				ENABLE_STRICT_OBJC_MSGSEND = YES;
				GCC_C_LANGUAGE_STANDARD = gnu11;
				GCC_NO_COMMON_BLOCKS = YES;
				GCC_WARN_64_TO_32_BIT_CONVERSION = YES;
				GCC_WARN_ABOUT_RETURN_TYPE = YES_ERROR;
				GCC_WARN_UNDECLARED_SELECTOR = YES;
				GCC_WARN_UNINITIALIZED_AUTOS = YES_AGGRESSIVE;
				GCC_WARN_UNUSED_FUNCTION = YES;
				GCC_WARN_UNUSED_VARIABLE = YES;
				IPHONEOS_DEPLOYMENT_TARGET = 12.4;
				MTL_ENABLE_DEBUG_INFO = NO;
				MTL_FAST_MATH = YES;
				SDKROOT = iphoneos;
				VALIDATE_PRODUCT = YES;
			};
			name = Release;
		};
		18521E8224373291004BE61A /* Debug */ = {
			isa = XCBuildConfiguration;
			buildSettings = {
				ASSETCATALOG_COMPILER_APPICON_NAME = AppIcon;
				CODE_SIGN_STYLE = Automatic;
				INFOPLIST_FILE = some/app/Info.plist;
				IPHONEOS_DEPLOYMENT_TARGET = 12.4;
				LD_RUNPATH_SEARCH_PATHS = (
					"$(inherited)",
					"@executable_path/Frameworks",
				);
				PRODUCT_BUNDLE_IDENTIFIER = tryobjc.some;
				PRODUCT_NAME = "$(TARGET_NAME)";
				TARGETED_DEVICE_FAMILY = 1;
			};
			name = Debug;
		};
		18521E8324373291004BE61A /* Release */ = {
			isa = XCBuildConfiguration;
			buildSettings = {
				ASSETCATALOG_COMPILER_APPICON_NAME = AppIcon;
				CODE_SIGN_STYLE = Automatic;
				INFOPLIST_FILE = some/app/Info.plist;
				IPHONEOS_DEPLOYMENT_TARGET = 12.4;
				LD_RUNPATH_SEARCH_PATHS = (
					"$(inherited)",
					"@executable_path/Frameworks",
				);
				PRODUCT_BUNDLE_IDENTIFIER = tryobjc.some;
				PRODUCT_NAME = "$(TARGET_NAME)";
				TARGETED_DEVICE_FAMILY = 1;
			};
			name = Release;
		};
/* End XCBuildConfiguration section */

/* Begin XCConfigurationList section */
		18521E632437328A004BE61A /* Build configuration list for PBXProject "some" */ = {
			isa = XCConfigurationList;
			buildConfigurations = (
				18521E7F24373291004BE61A /* Debug */,
				18521E8024373291004BE61A /* Release */,
			);
			defaultConfigurationIsVisible = 0;
			defaultConfigurationName = Release;
		};
		18521E8124373291004BE61A /* Build configuration list for PBXNativeTarget "some" */ = {
			isa = XCConfigurationList;
			buildConfigurations = (
				18521E8224373291004BE61A /* Debug */,
				18521E8324373291004BE61A /* Release */,
			);
			defaultConfigurationIsVisible = 0;
			defaultConfigurationName = Release;
		};
/* End XCConfigurationList section */
	};
	rootObject = 18521E602437328A004BE61A /* Project object */;
}
